// !$*UTF8*$!
{
	archiveVersion = 1;
	classes = {
	};
	objectVersion = 56;
	objects = {

/* Begin PBXBuildFile section */
		94AD39A829AF9573006DACA4 /* main.cpp in Sources */ = {isa = PBXBuildFile; fileRef = 94AD39A729AF9573006DACA4 /* main.cpp */; };
		94AD39B529AF99A4006DACA4 /* main.cpp in Sources */ = {isa = PBXBuildFile; fileRef = 94AD39B429AF99A4006DACA4 /* main.cpp */; };
		94AD39C029B08713006DACA4 /* main.cpp in Sources */ = {isa = PBXBuildFile; fileRef = 94AD39BF29B08713006DACA4 /* main.cpp */; };
		94AD39ED29B0A9A7006DACA4 /* main.cpp in Sources */ = {isa = PBXBuildFile; fileRef = 94AD39EC29B0A9A7006DACA4 /* main.cpp */; };
/* End PBXBuildFile section */

/* Begin PBXCopyFilesBuildPhase section */
		94AD39A229AF9573006DACA4 /* CopyFiles */ = {
			isa = PBXCopyFilesBuildPhase;
			buildActionMask = 2147483647;
			dstPath = /usr/share/man/man1/;
			dstSubfolderSpec = 0;
			files = (
			);
			runOnlyForDeploymentPostprocessing = 1;
		};
		94AD39B029AF99A4006DACA4 /* CopyFiles */ = {
			isa = PBXCopyFilesBuildPhase;
			buildActionMask = 2147483647;
			dstPath = /usr/share/man/man1/;
			dstSubfolderSpec = 0;
			files = (
			);
			runOnlyForDeploymentPostprocessing = 1;
		};
		94AD39BB29B08713006DACA4 /* CopyFiles */ = {
			isa = PBXCopyFilesBuildPhase;
			buildActionMask = 2147483647;
			dstPath = /usr/share/man/man1/;
			dstSubfolderSpec = 0;
			files = (
			);
			runOnlyForDeploymentPostprocessing = 1;
		};
		94AD39E829B0A9A7006DACA4 /* CopyFiles */ = {
			isa = PBXCopyFilesBuildPhase;
			buildActionMask = 2147483647;
			dstPath = /usr/share/man/man1/;
			dstSubfolderSpec = 0;
			files = (
			);
			runOnlyForDeploymentPostprocessing = 1;
		};
/* End PBXCopyFilesBuildPhase section */

/* Begin PBXFileReference section */
		94AD39A429AF9573006DACA4 /* Problem_Solver */ = {isa = PBXFileReference; explicitFileType = "compiled.mach-o.executable"; includeInIndex = 0; path = Problem_Solver; sourceTree = BUILT_PRODUCTS_DIR; };
		94AD39A729AF9573006DACA4 /* main.cpp */ = {isa = PBXFileReference; lastKnownFileType = sourcecode.cpp.cpp; path = main.cpp; sourceTree = "<group>"; };
		94AD39B229AF99A4006DACA4 /* State */ = {isa = PBXFileReference; explicitFileType = "compiled.mach-o.executable"; includeInIndex = 0; path = State; sourceTree = BUILT_PRODUCTS_DIR; };
		94AD39B429AF99A4006DACA4 /* main.cpp */ = {isa = PBXFileReference; lastKnownFileType = sourcecode.cpp.cpp; path = main.cpp; sourceTree = "<group>"; };
		94AD39BD29B08713006DACA4 /* Problem */ = {isa = PBXFileReference; explicitFileType = "compiled.mach-o.executable"; includeInIndex = 0; path = Problem; sourceTree = BUILT_PRODUCTS_DIR; };
		94AD39BF29B08713006DACA4 /* main.cpp */ = {isa = PBXFileReference; lastKnownFileType = sourcecode.cpp.cpp; path = main.cpp; sourceTree = "<group>"; };
		94AD39C429B08757006DACA4 /* state_header.h */ = {isa = PBXFileReference; lastKnownFileType = sourcecode.c.h; path = state_header.h; sourceTree = "<group>"; };
		94AD39C529B0A116006DACA4 /* File.txt */ = {isa = PBXFileReference; lastKnownFileType = text; path = File.txt; sourceTree = "<group>"; };
		94AD39E529B0A93A006DACA4 /* problem_spec_header.h */ = {isa = PBXFileReference; lastKnownFileType = sourcecode.c.h; path = problem_spec_header.h; sourceTree = "<group>"; };
		94AD39EA29B0A9A7006DACA4 /* Solution */ = {isa = PBXFileReference; explicitFileType = "compiled.mach-o.executable"; includeInIndex = 0; path = Solution; sourceTree = BUILT_PRODUCTS_DIR; };
		94AD39EC29B0A9A7006DACA4 /* main.cpp */ = {isa = PBXFileReference; lastKnownFileType = sourcecode.cpp.cpp; path = main.cpp; sourceTree = "<group>"; };
		94AD39F129B0A9F3006DACA4 /* state_header.h */ = {isa = PBXFileReference; lastKnownFileType = sourcecode.c.h; path = state_header.h; sourceTree = "<group>"; };
		94AD39F229B0AA16006DACA4 /* problem_spec_header.h */ = {isa = PBXFileReference; lastKnownFileType = sourcecode.c.h; path = problem_spec_header.h; sourceTree = "<group>"; };
		94AD39F329B0AB9B006DACA4 /* solution_common.h */ = {isa = PBXFileReference; lastKnownFileType = sourcecode.c.h; path = solution_common.h; sourceTree = "<group>"; };
		94AD39F429B0F3B6006DACA4 /* dfs_solution_header.h */ = {isa = PBXFileReference; lastKnownFileType = sourcecode.c.h; path = dfs_solution_header.h; sourceTree = "<group>"; };
		94AD39F529B0F87A006DACA4 /* dls_solution_header.h */ = {isa = PBXFileReference; lastKnownFileType = sourcecode.c.h; path = dls_solution_header.h; sourceTree = "<group>"; };
		94AD39F629B10820006DACA4 /* ids_solution_header.h */ = {isa = PBXFileReference; lastKnownFileType = sourcecode.c.h; path = ids_solution_header.h; sourceTree = "<group>"; };
		94AD39F729B116BD006DACA4 /* bls_solution_header.h */ = {isa = PBXFileReference; lastKnownFileType = sourcecode.c.h; path = bls_solution_header.h; sourceTree = "<group>"; };
		94AD39F829B11C0E006DACA4 /* ibs_solution_header.h */ = {isa = PBXFileReference; lastKnownFileType = sourcecode.c.h; path = ibs_solution_header.h; sourceTree = "<group>"; };
		94AD39FA29B13338006DACA4 /* bfs_solution_header.h */ = {isa = PBXFileReference; lastKnownFileType = sourcecode.c.h; path = bfs_solution_header.h; sourceTree = "<group>"; };
/* End PBXFileReference section */

/* Begin PBXFrameworksBuildPhase section */
		94AD39A129AF9573006DACA4 /* Frameworks */ = {
			isa = PBXFrameworksBuildPhase;
			buildActionMask = 2147483647;
			files = (
			);
			runOnlyForDeploymentPostprocessing = 0;
		};
		94AD39AF29AF99A4006DACA4 /* Frameworks */ = {
			isa = PBXFrameworksBuildPhase;
			buildActionMask = 2147483647;
			files = (
			);
			runOnlyForDeploymentPostprocessing = 0;
		};
		94AD39BA29B08713006DACA4 /* Frameworks */ = {
			isa = PBXFrameworksBuildPhase;
			buildActionMask = 2147483647;
			files = (
			);
			runOnlyForDeploymentPostprocessing = 0;
		};
		94AD39E729B0A9A7006DACA4 /* Frameworks */ = {
			isa = PBXFrameworksBuildPhase;
			buildActionMask = 2147483647;
			files = (
			);
			runOnlyForDeploymentPostprocessing = 0;
		};
/* End PBXFrameworksBuildPhase section */

/* Begin PBXGroup section */
		94AD399B29AF9573006DACA4 = {
			isa = PBXGroup;
			children = (
				94AD39A629AF9573006DACA4 /* Problem_Solver */,
				94AD39B329AF99A4006DACA4 /* State */,
				94AD39BE29B08713006DACA4 /* Problem */,
				94AD39EB29B0A9A7006DACA4 /* Solution */,
				94AD39A529AF9573006DACA4 /* Products */,
			);
			sourceTree = "<group>";
		};
		94AD39A529AF9573006DACA4 /* Products */ = {
			isa = PBXGroup;
			children = (
				94AD39A429AF9573006DACA4 /* Problem_Solver */,
				94AD39B229AF99A4006DACA4 /* State */,
				94AD39BD29B08713006DACA4 /* Problem */,
				94AD39EA29B0A9A7006DACA4 /* Solution */,
			);
			name = Products;
			sourceTree = "<group>";
		};
		94AD39A629AF9573006DACA4 /* Problem_Solver */ = {
			isa = PBXGroup;
			children = (
				94AD39A729AF9573006DACA4 /* main.cpp */,
			);
			path = Problem_Solver;
			sourceTree = "<group>";
		};
		94AD39B329AF99A4006DACA4 /* State */ = {
			isa = PBXGroup;
			children = (
				94AD39B429AF99A4006DACA4 /* main.cpp */,
			);
			path = State;
			sourceTree = "<group>";
		};
		94AD39BE29B08713006DACA4 /* Problem */ = {
			isa = PBXGroup;
			children = (
				94AD39BF29B08713006DACA4 /* main.cpp */,
				94AD39C429B08757006DACA4 /* state_header.h */,
				94AD39C529B0A116006DACA4 /* File.txt */,
				94AD39E529B0A93A006DACA4 /* problem_spec_header.h */,
			);
			path = Problem;
			sourceTree = "<group>";
		};
		94AD39EB29B0A9A7006DACA4 /* Solution */ = {
			isa = PBXGroup;
			children = (
				94AD39EC29B0A9A7006DACA4 /* main.cpp */,
				94AD39F129B0A9F3006DACA4 /* state_header.h */,
				94AD39F229B0AA16006DACA4 /* problem_spec_header.h */,
				94AD39F329B0AB9B006DACA4 /* solution_common.h */,
				94AD39F429B0F3B6006DACA4 /* dfs_solution_header.h */,
				94AD39F529B0F87A006DACA4 /* dls_solution_header.h */,
				94AD39F629B10820006DACA4 /* ids_solution_header.h */,
				94AD39F729B116BD006DACA4 /* bls_solution_header.h */,
				94AD39F829B11C0E006DACA4 /* ibs_solution_header.h */,
				94AD39FA29B13338006DACA4 /* bfs_solution_header.h */,
			);
			path = Solution;
			sourceTree = "<group>";
		};
/* End PBXGroup section */

/* Begin PBXNativeTarget section */
		94AD39A329AF9573006DACA4 /* Problem_Solver */ = {
			isa = PBXNativeTarget;
			buildConfigurationList = 94AD39AB29AF9573006DACA4 /* Build configuration list for PBXNativeTarget "Problem_Solver" */;
			buildPhases = (
				94AD39A029AF9573006DACA4 /* Sources */,
				94AD39A129AF9573006DACA4 /* Frameworks */,
				94AD39A229AF9573006DACA4 /* CopyFiles */,
			);
			buildRules = (
			);
			dependencies = (
			);
			name = Problem_Solver;
			productName = Problem_Solver;
			productReference = 94AD39A429AF9573006DACA4 /* Problem_Solver */;
			productType = "com.apple.product-type.tool";
		};
		94AD39B129AF99A4006DACA4 /* State */ = {
			isa = PBXNativeTarget;
			buildConfigurationList = 94AD39B629AF99A4006DACA4 /* Build configuration list for PBXNativeTarget "State" */;
			buildPhases = (
				94AD39AE29AF99A4006DACA4 /* Sources */,
				94AD39AF29AF99A4006DACA4 /* Frameworks */,
				94AD39B029AF99A4006DACA4 /* CopyFiles */,
			);
			buildRules = (
			);
			dependencies = (
			);
			name = State;
			productName = State;
			productReference = 94AD39B229AF99A4006DACA4 /* State */;
			productType = "com.apple.product-type.tool";
		};
		94AD39BC29B08713006DACA4 /* Problem */ = {
			isa = PBXNativeTarget;
			buildConfigurationList = 94AD39C129B08714006DACA4 /* Build configuration list for PBXNativeTarget "Problem" */;
			buildPhases = (
				94AD39B929B08713006DACA4 /* Sources */,
				94AD39BA29B08713006DACA4 /* Frameworks */,
				94AD39BB29B08713006DACA4 /* CopyFiles */,
			);
			buildRules = (
			);
			dependencies = (
			);
			name = Problem;
			productName = Problem;
			productReference = 94AD39BD29B08713006DACA4 /* Problem */;
			productType = "com.apple.product-type.tool";
		};
		94AD39E929B0A9A7006DACA4 /* Solution */ = {
			isa = PBXNativeTarget;
			buildConfigurationList = 94AD39EE29B0A9A7006DACA4 /* Build configuration list for PBXNativeTarget "Solution" */;
			buildPhases = (
				94AD39E629B0A9A7006DACA4 /* Sources */,
				94AD39E729B0A9A7006DACA4 /* Frameworks */,
				94AD39E829B0A9A7006DACA4 /* CopyFiles */,
			);
			buildRules = (
			);
			dependencies = (
			);
			name = Solution;
			productName = Solution;
			productReference = 94AD39EA29B0A9A7006DACA4 /* Solution */;
			productType = "com.apple.product-type.tool";
		};
/* End PBXNativeTarget section */

/* Begin PBXProject section */
		94AD399C29AF9573006DACA4 /* Project object */ = {
			isa = PBXProject;
			attributes = {
				BuildIndependentTargetsInParallel = 1;
				LastUpgradeCheck = 1420;
				TargetAttributes = {
					94AD39A329AF9573006DACA4 = {
						CreatedOnToolsVersion = 14.2;
					};
					94AD39B129AF99A4006DACA4 = {
						CreatedOnToolsVersion = 14.2;
					};
					94AD39BC29B08713006DACA4 = {
						CreatedOnToolsVersion = 14.2;
					};
					94AD39E929B0A9A7006DACA4 = {
						CreatedOnToolsVersion = 14.2;
					};
				};
			};
			buildConfigurationList = 94AD399F29AF9573006DACA4 /* Build configuration list for PBXProject "Problem_Solver" */;
			compatibilityVersion = "Xcode 14.0";
			developmentRegion = en;
			hasScannedForEncodings = 0;
			knownRegions = (
				en,
				Base,
			);
			mainGroup = 94AD399B29AF9573006DACA4;
			productRefGroup = 94AD39A529AF9573006DACA4 /* Products */;
			projectDirPath = "";
			projectRoot = "";
			targets = (
				94AD39A329AF9573006DACA4 /* Problem_Solver */,
				94AD39B129AF99A4006DACA4 /* State */,
				94AD39BC29B08713006DACA4 /* Problem */,
				94AD39E929B0A9A7006DACA4 /* Solution */,
			);
		};
/* End PBXProject section */

/* Begin PBXSourcesBuildPhase section */
		94AD39A029AF9573006DACA4 /* Sources */ = {
			isa = PBXSourcesBuildPhase;
			buildActionMask = 2147483647;
			files = (
				94AD39A829AF9573006DACA4 /* main.cpp in Sources */,
			);
			runOnlyForDeploymentPostprocessing = 0;
		};
		94AD39AE29AF99A4006DACA4 /* Sources */ = {
			isa = PBXSourcesBuildPhase;
			buildActionMask = 2147483647;
			files = (
				94AD39B529AF99A4006DACA4 /* main.cpp in Sources */,
			);
			runOnlyForDeploymentPostprocessing = 0;
		};
		94AD39B929B08713006DACA4 /* Sources */ = {
			isa = PBXSourcesBuildPhase;
			buildActionMask = 2147483647;
			files = (
				94AD39C029B08713006DACA4 /* main.cpp in Sources */,
			);
			runOnlyForDeploymentPostprocessing = 0;
		};
		94AD39E629B0A9A7006DACA4 /* Sources */ = {
			isa = PBXSourcesBuildPhase;
			buildActionMask = 2147483647;
			files = (
				94AD39ED29B0A9A7006DACA4 /* main.cpp in Sources */,
			);
			runOnlyForDeploymentPostprocessing = 0;
		};
/* End PBXSourcesBuildPhase section */

/* Begin XCBuildConfiguration section */
		94AD39A929AF9573006DACA4 /* Debug */ = {
			isa = XCBuildConfiguration;
			buildSettings = {
				ALWAYS_SEARCH_USER_PATHS = NO;
				CLANG_ANALYZER_NONNULL = YES;
				CLANG_ANALYZER_NUMBER_OBJECT_CONVERSION = YES_AGGRESSIVE;
				CLANG_CXX_LANGUAGE_STANDARD = "gnu++20";
				CLANG_ENABLE_MODULES = YES;
				CLANG_ENABLE_OBJC_ARC = YES;
				CLANG_ENABLE_OBJC_WEAK = YES;
				CLANG_WARN_BLOCK_CAPTURE_AUTORELEASING = YES;
				CLANG_WARN_BOOL_CONVERSION = YES;
				CLANG_WARN_COMMA = YES;
				CLANG_WARN_CONSTANT_CONVERSION = YES;
				CLANG_WARN_DEPRECATED_OBJC_IMPLEMENTATIONS = YES;
				CLANG_WARN_DIRECT_OBJC_ISA_USAGE = YES_ERROR;
				CLANG_WARN_DOCUMENTATION_COMMENTS = YES;
				CLANG_WARN_EMPTY_BODY = YES;
				CLANG_WARN_ENUM_CONVERSION = YES;
				CLANG_WARN_INFINITE_RECURSION = YES;
				CLANG_WARN_INT_CONVERSION = YES;
				CLANG_WARN_NON_LITERAL_NULL_CONVERSION = YES;
				CLANG_WARN_OBJC_IMPLICIT_RETAIN_SELF = YES;
				CLANG_WARN_OBJC_LITERAL_CONVERSION = YES;
				CLANG_WARN_OBJC_ROOT_CLASS = YES_ERROR;
				CLANG_WARN_QUOTED_INCLUDE_IN_FRAMEWORK_HEADER = YES;
				CLANG_WARN_RANGE_LOOP_ANALYSIS = YES;
				CLANG_WARN_STRICT_PROTOTYPES = YES;
				CLANG_WARN_SUSPICIOUS_MOVE = YES;
				CLANG_WARN_UNGUARDED_AVAILABILITY = YES_AGGRESSIVE;
				CLANG_WARN_UNREACHABLE_CODE = YES;
				CLANG_WARN__DUPLICATE_METHOD_MATCH = YES;
				COPY_PHASE_STRIP = NO;
				DEBUG_INFORMATION_FORMAT = dwarf;
				ENABLE_STRICT_OBJC_MSGSEND = YES;
				ENABLE_TESTABILITY = YES;
				GCC_C_LANGUAGE_STANDARD = gnu11;
				GCC_DYNAMIC_NO_PIC = NO;
				GCC_NO_COMMON_BLOCKS = YES;
				GCC_OPTIMIZATION_LEVEL = 0;
				GCC_PREPROCESSOR_DEFINITIONS = (
					"DEBUG=1",
					"$(inherited)",
				);
				GCC_WARN_64_TO_32_BIT_CONVERSION = YES;
				GCC_WARN_ABOUT_RETURN_TYPE = YES_ERROR;
				GCC_WARN_UNDECLARED_SELECTOR = YES;
				GCC_WARN_UNINITIALIZED_AUTOS = YES_AGGRESSIVE;
				GCC_WARN_UNUSED_FUNCTION = YES;
				GCC_WARN_UNUSED_VARIABLE = YES;
				MACOSX_DEPLOYMENT_TARGET = 13.1;
				MTL_ENABLE_DEBUG_INFO = INCLUDE_SOURCE;
				MTL_FAST_MATH = YES;
				ONLY_ACTIVE_ARCH = YES;
				SDKROOT = macosx;
			};
			name = Debug;
		};
		94AD39AA29AF9573006DACA4 /* Release */ = {
			isa = XCBuildConfiguration;
			buildSettings = {
				ALWAYS_SEARCH_USER_PATHS = NO;
				CLANG_ANALYZER_NONNULL = YES;
				CLANG_ANALYZER_NUMBER_OBJECT_CONVERSION = YES_AGGRESSIVE;
				CLANG_CXX_LANGUAGE_STANDARD = "gnu++20";
				CLANG_ENABLE_MODULES = YES;
				CLANG_ENABLE_OBJC_ARC = YES;
				CLANG_ENABLE_OBJC_WEAK = YES;
				CLANG_WARN_BLOCK_CAPTURE_AUTORELEASING = YES;
				CLANG_WARN_BOOL_CONVERSION = YES;
				CLANG_WARN_COMMA = YES;
				CLANG_WARN_CONSTANT_CONVERSION = YES;
				CLANG_WARN_DEPRECATED_OBJC_IMPLEMENTATIONS = YES;
				CLANG_WARN_DIRECT_OBJC_ISA_USAGE = YES_ERROR;
				CLANG_WARN_DOCUMENTATION_COMMENTS = YES;
				CLANG_WARN_EMPTY_BODY = YES;
				CLANG_WARN_ENUM_CONVERSION = YES;
				CLANG_WARN_INFINITE_RECURSION = YES;
				CLANG_WARN_INT_CONVERSION = YES;
				CLANG_WARN_NON_LITERAL_NULL_CONVERSION = YES;
				CLANG_WARN_OBJC_IMPLICIT_RETAIN_SELF = YES;
				CLANG_WARN_OBJC_LITERAL_CONVERSION = YES;
				CLANG_WARN_OBJC_ROOT_CLASS = YES_ERROR;
				CLANG_WARN_QUOTED_INCLUDE_IN_FRAMEWORK_HEADER = YES;
				CLANG_WARN_RANGE_LOOP_ANALYSIS = YES;
				CLANG_WARN_STRICT_PROTOTYPES = YES;
				CLANG_WARN_SUSPICIOUS_MOVE = YES;
				CLANG_WARN_UNGUARDED_AVAILABILITY = YES_AGGRESSIVE;
				CLANG_WARN_UNREACHABLE_CODE = YES;
				CLANG_WARN__DUPLICATE_METHOD_MATCH = YES;
				COPY_PHASE_STRIP = NO;
				DEBUG_INFORMATION_FORMAT = "dwarf-with-dsym";
				ENABLE_NS_ASSERTIONS = NO;
				ENABLE_STRICT_OBJC_MSGSEND = YES;
				GCC_C_LANGUAGE_STANDARD = gnu11;
				GCC_NO_COMMON_BLOCKS = YES;
				GCC_WARN_64_TO_32_BIT_CONVERSION = YES;
				GCC_WARN_ABOUT_RETURN_TYPE = YES_ERROR;
				GCC_WARN_UNDECLARED_SELECTOR = YES;
				GCC_WARN_UNINITIALIZED_AUTOS = YES_AGGRESSIVE;
				GCC_WARN_UNUSED_FUNCTION = YES;
				GCC_WARN_UNUSED_VARIABLE = YES;
				MACOSX_DEPLOYMENT_TARGET = 13.1;
				MTL_ENABLE_DEBUG_INFO = NO;
				MTL_FAST_MATH = YES;
				SDKROOT = macosx;
			};
			name = Release;
		};
		94AD39AC29AF9573006DACA4 /* Debug */ = {
			isa = XCBuildConfiguration;
			buildSettings = {
				CODE_SIGN_STYLE = Automatic;
				DEVELOPMENT_TEAM = W3SM7L9F88;
				ENABLE_HARDENED_RUNTIME = YES;
				PRODUCT_NAME = "$(TARGET_NAME)";
			};
			name = Debug;
		};
		94AD39AD29AF9573006DACA4 /* Release */ = {
			isa = XCBuildConfiguration;
			buildSettings = {
				CODE_SIGN_STYLE = Automatic;
				DEVELOPMENT_TEAM = W3SM7L9F88;
				ENABLE_HARDENED_RUNTIME = YES;
				PRODUCT_NAME = "$(TARGET_NAME)";
			};
			name = Release;
		};
		94AD39B729AF99A4006DACA4 /* Debug */ = {
			isa = XCBuildConfiguration;
			buildSettings = {
				CODE_SIGN_STYLE = Automatic;
				PRODUCT_NAME = "$(TARGET_NAME)";
			};
			name = Debug;
		};
		94AD39B829AF99A4006DACA4 /* Release */ = {
			isa = XCBuildConfiguration;
			buildSettings = {
				CODE_SIGN_STYLE = Automatic;
				PRODUCT_NAME = "$(TARGET_NAME)";
			};
			name = Release;
		};
		94AD39C229B08714006DACA4 /* Debug */ = {
			isa = XCBuildConfiguration;
			buildSettings = {
				CODE_SIGN_STYLE = Automatic;
				PRODUCT_NAME = "$(TARGET_NAME)";
			};
			name = Debug;
		};
		94AD39C329B08714006DACA4 /* Release */ = {
			isa = XCBuildConfiguration;
			buildSettings = {
				CODE_SIGN_STYLE = Automatic;
				PRODUCT_NAME = "$(TARGET_NAME)";
			};
			name = Release;
		};
		94AD39EF29B0A9A7006DACA4 /* Debug */ = {
			isa = XCBuildConfiguration;
			buildSettings = {
				CODE_SIGN_STYLE = Automatic;
				PRODUCT_NAME = "$(TARGET_NAME)";
			};
			name = Debug;
		};
		94AD39F029B0A9A7006DACA4 /* Release */ = {
			isa = XCBuildConfiguration;
			buildSettings = {
				CODE_SIGN_STYLE = Automatic;
				PRODUCT_NAME = "$(TARGET_NAME)";
			};
			name = Release;
		};
/* End XCBuildConfiguration section */

/* Begin XCConfigurationList section */
		94AD399F29AF9573006DACA4 /* Build configuration list for PBXProject "Problem_Solver" */ = {
			isa = XCConfigurationList;
			buildConfigurations = (
				94AD39A929AF9573006DACA4 /* Debug */,
				94AD39AA29AF9573006DACA4 /* Release */,
			);
			defaultConfigurationIsVisible = 0;
			defaultConfigurationName = Release;
		};
		94AD39AB29AF9573006DACA4 /* Build configuration list for PBXNativeTarget "Problem_Solver" */ = {
			isa = XCConfigurationList;
			buildConfigurations = (
				94AD39AC29AF9573006DACA4 /* Debug */,
				94AD39AD29AF9573006DACA4 /* Release */,
			);
			defaultConfigurationIsVisible = 0;
			defaultConfigurationName = Release;
		};
		94AD39B629AF99A4006DACA4 /* Build configuration list for PBXNativeTarget "State" */ = {
			isa = XCConfigurationList;
			buildConfigurations = (
				94AD39B729AF99A4006DACA4 /* Debug */,
				94AD39B829AF99A4006DACA4 /* Release */,
			);
			defaultConfigurationIsVisible = 0;
			defaultConfigurationName = Release;
		};
		94AD39C129B08714006DACA4 /* Build configuration list for PBXNativeTarget "Problem" */ = {
			isa = XCConfigurationList;
			buildConfigurations = (
				94AD39C229B08714006DACA4 /* Debug */,
				94AD39C329B08714006DACA4 /* Release */,
			);
			defaultConfigurationIsVisible = 0;
			defaultConfigurationName = Release;
		};
		94AD39EE29B0A9A7006DACA4 /* Build configuration list for PBXNativeTarget "Solution" */ = {
			isa = XCConfigurationList;
			buildConfigurations = (
				94AD39EF29B0A9A7006DACA4 /* Debug */,
				94AD39F029B0A9A7006DACA4 /* Release */,
			);
			defaultConfigurationIsVisible = 0;
			defaultConfigurationName = Release;
		};
/* End XCConfigurationList section */
	};
	rootObject = 94AD399C29AF9573006DACA4 /* Project object */;
}
